PODS:
  - Flutter (1.0.0)
  - flutter_plugin0607 (0.0.1):
    - Flutter
  - integration_test (0.0.1):
    - Flutter
  - rtcx_iot_smart (1.0.0):
    - Flutter

DEPENDENCIES:
  - Flutter (from `Flutter`)
  - flutter_plugin0607 (from `.symlinks/plugins/flutter_plugin0607/ios`)
  - integration_test (from `.symlinks/plugins/integration_test/ios`)
  - rtcx_iot_smart (from `.symlinks/plugins/rtcx_iot_smart/ios`)

EXTERNAL SOURCES:
  Flutter:
    :path: Flutter
  flutter_plugin0607:
    :path: ".symlinks/plugins/flutter_plugin0607/ios"
  integration_test:
    :path: ".symlinks/plugins/integration_test/ios"
  rtcx_iot_smart:
    :path: ".symlinks/plugins/rtcx_iot_smart/ios"

SPEC CHECKSUMS:
  Flutter: e0871f40cf51350855a761d2e70bf5af5b9b5de7
  flutter_plugin0607: d24f3752c2976d8469762554530878c899f5f618
  integration_test: ce0a3ffa1de96d1a89ca0ac26fca7ea18a749ef4
  rtcx_iot_smart: 0749b69f89b242732e51da3836f226c580263521

PODFILE CHECKSUM: 6e700dec67e6deac9b1c69bb14c49a2217a12d15

COCOAPODS: 1.15.2
